
Microsoft Visual Studio Solution File, Format Version 12.00
# Visual Studio Version 17
VisualStudioVersion = 17.0.31903.59
MinimumVisualStudioVersion = 10.0.40219.1
Project("{9A19103F-16F7-4668-BE54-9A1E7A4F7556}") = "BigBadBlog.Web", "BigBadBlog.Web\BigBadBlog.Web.csproj", "{0FD2607E-0983-406E-A078-2A681860117B}"
EndProject
Project("{9A19103F-16F7-4668-BE54-9A1E7A4F7556}") = "BigBadBlog.AppHost", "BigBadBlog.AppHost\BigBadBlog.AppHost.csproj", "{BA2877DF-4349-4BD6-8712-36B1F58DC913}"
EndProject
Project("{9A19103F-16F7-4668-BE54-9A1E7A4F7556}") = "BigBadBlog.ServiceDefaults", "BigBadBlog.ServiceDefaults\BigBadBlog.ServiceDefaults.csproj", "{87CB57AD-2754-4F87-8D46-21E7CA1F4161}"
EndProject
Project("{FAE04EC0-301F-11D3-BF4B-00C04F79EFBC}") = "BigBadBlog.Data.Postgres", "BigBadBlog.Data.Postgres\BigBadBlog.Data.Postgres.csproj", "{489EA166-3ABE-4CB6-ABD4-B632A4C465C5}"
EndProject
Project("{FAE04EC0-301F-11D3-BF4B-00C04F79EFBC}") = "BigBadBlog.Common", "BigBadBlog.Common\BigBadBlog.Common.csproj", "{C424B34A-E254-440B-97F1-D9F9214A8386}"
EndProject
Global
	GlobalSection(SolutionConfigurationPlatforms) = preSolution
		Debug|Any CPU = Debug|Any CPU
		Release|Any CPU = Release|Any CPU
	EndGlobalSection
	GlobalSection(ProjectConfigurationPlatforms) = postSolution
		{0FD2607E-0983-406E-A078-2A681860117B}.Debug|Any CPU.ActiveCfg = Debug|Any CPU
		{0FD2607E-0983-406E-A078-2A681860117B}.Debug|Any CPU.Build.0 = Debug|Any CPU
		{0FD2607E-0983-406E-A078-2A681860117B}.Release|Any CPU.ActiveCfg = Release|Any CPU
		{0FD2607E-0983-406E-A078-2A681860117B}.Release|Any CPU.Build.0 = Release|Any CPU
		{BA2877DF-4349-4BD6-8712-36B1F58DC913}.Debug|Any CPU.ActiveCfg = Debug|Any CPU
		{BA2877DF-4349-4BD6-8712-36B1F58DC913}.Debug|Any CPU.Build.0 = Debug|Any CPU
		{BA2877DF-4349-4BD6-8712-36B1F58DC913}.Release|Any CPU.ActiveCfg = Release|Any CPU
		{BA2877DF-4349-4BD6-8712-36B1F58DC913}.Release|Any CPU.Build.0 = Release|Any CPU
		{87CB57AD-2754-4F87-8D46-21E7CA1F4161}.Debug|Any CPU.ActiveCfg = Debug|Any CPU
		{87CB57AD-2754-4F87-8D46-21E7CA1F4161}.Debug|Any CPU.Build.0 = Debug|Any CPU
		{87CB57AD-2754-4F87-8D46-21E7CA1F4161}.Release|Any CPU.ActiveCfg = Release|Any CPU
		{87CB57AD-2754-4F87-8D46-21E7CA1F4161}.Release|Any CPU.Build.0 = Release|Any CPU
		{489EA166-3ABE-4CB6-ABD4-B632A4C465C5}.Debug|Any CPU.ActiveCfg = Debug|Any CPU
		{489EA166-3ABE-4CB6-ABD4-B632A4C465C5}.Debug|Any CPU.Build.0 = Debug|Any CPU
		{489EA166-3ABE-4CB6-ABD4-B632A4C465C5}.Release|Any CPU.ActiveCfg = Release|Any CPU
		{489EA166-3ABE-4CB6-ABD4-B632A4C465C5}.Release|Any CPU.Build.0 = Release|Any CPU
		{C424B34A-E254-440B-97F1-D9F9214A8386}.Debug|Any CPU.ActiveCfg = Debug|Any CPU
		{C424B34A-E254-440B-97F1-D9F9214A8386}.Debug|Any CPU.Build.0 = Debug|Any CPU
		{C424B34A-E254-440B-97F1-D9F9214A8386}.Release|Any CPU.ActiveCfg = Release|Any CPU
		{C424B34A-E254-440B-97F1-D9F9214A8386}.Release|Any CPU.Build.0 = Release|Any CPU
	EndGlobalSection
	GlobalSection(SolutionProperties) = preSolution
		HideSolutionNode = FALSE
	EndGlobalSection
	GlobalSection(ExtensibilityGlobals) = postSolution
		SolutionGuid = {21CED12B-C9F6-45B0-A0C0-CAC9438E9841}
	EndGlobalSection
EndGlobal
